
Microsoft Visual Studio Solution File, Format Version 12.00
# Visual Studio 15
VisualStudioVersion = 15.0.28307.271
MinimumVisualStudioVersion = 10.0.40219.1
Project("{FAE04EC0-301F-11D3-BF4B-00C04F79EFBC}") = "TimeMachine.FileLog", "TimeMachine.FileLog\TimeMachine.FileLog.csproj", "{B6BB0574-A78E-46A0-B56B-8DA46DC45A27}"
EndProject
Project("{FAE04EC0-301F-11D3-BF4B-00C04F79EFBC}") = "TimeMachine.Test", "TimeMachine.Test\TimeMachine.Test.csproj", "{F12C3D56-BBFD-4D43-837A-F1F1AAA9FC5E}"
EndProject
Project("{FAE04EC0-301F-11D3-BF4B-00C04F79EFBC}") = "TimeMachine.Web", "TimeMachine.Web\TimeMachine.Web.csproj", "{E778486B-63E2-4F6F-A1B5-78CBD0B8A987}"
EndProject
Global
	GlobalSection(SolutionConfigurationPlatforms) = preSolution
		Debug|Any CPU = Debug|Any CPU
		Release|Any CPU = Release|Any CPU
	EndGlobalSection
	GlobalSection(ProjectConfigurationPlatforms) = postSolution
		{B6BB0574-A78E-46A0-B56B-8DA46DC45A27}.Debug|Any CPU.ActiveCfg = Debug|Any CPU
		{B6BB0574-A78E-46A0-B56B-8DA46DC45A27}.Debug|Any CPU.Build.0 = Debug|Any CPU
		{B6BB0574-A78E-46A0-B56B-8DA46DC45A27}.Release|Any CPU.ActiveCfg = Release|Any CPU
		{B6BB0574-A78E-46A0-B56B-8DA46DC45A27}.Release|Any CPU.Build.0 = Release|Any CPU
		{F12C3D56-BBFD-4D43-837A-F1F1AAA9FC5E}.Debug|Any CPU.ActiveCfg = Debug|Any CPU
		{F12C3D56-BBFD-4D43-837A-F1F1AAA9FC5E}.Debug|Any CPU.Build.0 = Debug|Any CPU
		{F12C3D56-BBFD-4D43-837A-F1F1AAA9FC5E}.Release|Any CPU.ActiveCfg = Release|Any CPU
		{F12C3D56-BBFD-4D43-837A-F1F1AAA9FC5E}.Release|Any CPU.Build.0 = Release|Any CPU
		{E778486B-63E2-4F6F-A1B5-78CBD0B8A987}.Debug|Any CPU.ActiveCfg = Debug|Any CPU
		{E778486B-63E2-4F6F-A1B5-78CBD0B8A987}.Debug|Any CPU.Build.0 = Debug|Any CPU
		{E778486B-63E2-4F6F-A1B5-78CBD0B8A987}.Release|Any CPU.ActiveCfg = Release|Any CPU
		{E778486B-63E2-4F6F-A1B5-78CBD0B8A987}.Release|Any CPU.Build.0 = Release|Any CPU
	EndGlobalSection
	GlobalSection(SolutionProperties) = preSolution
		HideSolutionNode = FALSE
	EndGlobalSection
	GlobalSection(ExtensibilityGlobals) = postSolution
		SolutionGuid = {CB6FB680-64FF-4C31-8240-E23A5FBAA0E2}
	EndGlobalSection
EndGlobal
